
Microsoft Visual Studio Solution File, Format Version 12.00
# Visual Studio Version 17
VisualStudioVersion = 17.5.33424.131
MinimumVisualStudioVersion = 10.0.40219.1
Project("{2150E333-8FDC-42A3-9474-1A3956D46DE8}") = "Services", "Services", "{732F8192-4A47-4BFD-99A3-4DF1C77EB4D8}"
EndProject
Project("{2150E333-8FDC-42A3-9474-1A3956D46DE8}") = "Catalog", "Catalog", "{61FDF658-635B-452B-BFDE-FE8142725A40}"
EndProject
Project("{9A19103F-16F7-4668-BE54-9A1E7A4F7556}") = "MultiShop.Catalog", "Services\Catalog\MultiShop.Catalog\MultiShop.Catalog.csproj", "{86E4AF6F-D5FB-4D05-BB40-A84112F5120A}"
EndProject
Project("{2150E333-8FDC-42A3-9474-1A3956D46DE8}") = "Discount", "Discount", "{42F06ED1-C583-48B1-AF21-94A9FE0EB1D0}"
EndProject
Project("{9A19103F-16F7-4668-BE54-9A1E7A4F7556}") = "MultiShop.Discount", "Services\Discount\MultiShop.Discount\MultiShop.Discount.csproj", "{71DBEB33-D894-4857-B780-8ECF39955896}"
EndProject
Project("{2150E333-8FDC-42A3-9474-1A3956D46DE8}") = "Order", "Order", "{8B28C6E0-FA2F-4DD4-9EA9-718ACCF63EFC}"
EndProject
Project("{2150E333-8FDC-42A3-9474-1A3956D46DE8}") = "Core", "Core", "{3FC8A9EB-9302-4442-90A3-0E7F8374D104}"
EndProject
Project("{2150E333-8FDC-42A3-9474-1A3956D46DE8}") = "Infrastructure", "Infrastructure", "{7C365792-38DD-47C3-8668-3C3675698ECA}"
EndProject
Project("{2150E333-8FDC-42A3-9474-1A3956D46DE8}") = "Presentation", "Presentation", "{2CCF8F36-F84B-4721-B48D-FA83A52B04FB}"
EndProject
Project("{2150E333-8FDC-42A3-9474-1A3956D46DE8}") = "IdentityServer", "IdentityServer", "{0775A564-D7C5-4221-B8D4-2B977202DE5C}"
EndProject
Project("{9A19103F-16F7-4668-BE54-9A1E7A4F7556}") = "MutliShop.IdentityServer", "IdentityServer\MutliShop.IdentityServer\MutliShop.IdentityServer.csproj", "{0AD6BEEE-1974-42FE-AC98-FAA12F83605D}"
EndProject
Project("{2150E333-8FDC-42A3-9474-1A3956D46DE8}") = "Requiements", "Requiements", "{E7ED2E49-C2E5-46D9-B79D-232A8BEB9212}"
	ProjectSection(SolutionItems) = preProject
		Eksikler.txt = Eksikler.txt
		KullanıcıÖrnekleri.txt = KullanıcıÖrnekleri.txt
		PostNumbers.txt = PostNumbers.txt
	EndProjectSection
EndProject
Project("{2150E333-8FDC-42A3-9474-1A3956D46DE8}") = "Basket", "Basket", "{B2FD1496-EACC-4F53-836B-6F789A7357C9}"
EndProject
Project("{9A19103F-16F7-4668-BE54-9A1E7A4F7556}") = "MultiShop.Basket", "Services\Basket\MultiShop.Basket\MultiShop.Basket.csproj", "{39C6F4DE-6B0D-4A50-BA35-D4E49EF7161B}"
EndProject
Project("{2150E333-8FDC-42A3-9474-1A3956D46DE8}") = "Frontends", "Frontends", "{EAFE15C3-F9FB-44F4-84A8-2DF5148D5286}"
EndProject
Project("{9A19103F-16F7-4668-BE54-9A1E7A4F7556}") = "MultiShop.WebUI", "Frontends\MultiShop.WebUI\MultiShop.WebUI.csproj", "{1EC1CD98-82CE-4C75-BED3-EF54C243BF94}"
EndProject
Project("{9A19103F-16F7-4668-BE54-9A1E7A4F7556}") = "MultiShop.DtoLayer", "Frontends\MultiShop.DtoLayer\MultiShop.DtoLayer.csproj", "{A59E3E4C-051D-4CFA-A31B-F69D55ADCEFF}"
EndProject
Project("{2150E333-8FDC-42A3-9474-1A3956D46DE8}") = "Comment", "Comment", "{4F9D8729-ACBA-43D7-BAE9-263151CF07E6}"
EndProject
Project("{9A19103F-16F7-4668-BE54-9A1E7A4F7556}") = "MultiShop.Comment", "Services\Comment\MultiShop.Comment\MultiShop.Comment.csproj", "{972E7F58-74A2-4979-A2CA-A9CE84718F2D}"
EndProject
Project("{2150E333-8FDC-42A3-9474-1A3956D46DE8}") = "ApiGateway", "ApiGateway", "{8FF15BEB-7DBC-4F39-AA17-1844438FB45D}"
EndProject
Project("{2150E333-8FDC-42A3-9474-1A3956D46DE8}") = "RapidApi", "RapidApi", "{0EA7ACB1-D794-427F-A431-9BB484C2032E}"
EndProject
Project("{9A19103F-16F7-4668-BE54-9A1E7A4F7556}") = "MultiShop.OcelotGateway", "ApiGateway\MultiShop.OcelotGateway\MultiShop.OcelotGateway.csproj", "{9931A18C-C870-46B5-877C-E81B197990B1}"
EndProject
Project("{2150E333-8FDC-42A3-9474-1A3956D46DE8}") = "Payment", "Payment", "{05EA2A68-AF9D-4D3F-8C5E-63B9BB70E244}"
EndProject
Project("{9A19103F-16F7-4668-BE54-9A1E7A4F7556}") = "MultiShop.Payment", "Services\Payment\MultiShop.Payment\MultiShop.Payment.csproj", "{5E3DB445-B6EB-4E9D-82F1-D53F005924F6}"
EndProject
Project("{2150E333-8FDC-42A3-9474-1A3956D46DE8}") = "Images", "Images", "{7655AB28-9FD1-4B05-B84E-42DB91D0B603}"
EndProject
Project("{9A19103F-16F7-4668-BE54-9A1E7A4F7556}") = "MultiShop.Images", "Services\Images\MultiShop.Images\MultiShop.Images.csproj", "{E8FDF3D9-60B5-469B-9C03-B790AE6DBA5A}"
EndProject
Project("{2150E333-8FDC-42A3-9474-1A3956D46DE8}") = "SignalRRealTime", "SignalRRealTime", "{C0046422-2874-4671-A53C-2DB80F5BEB20}"
EndProject
Project("{9A19103F-16F7-4668-BE54-9A1E7A4F7556}") = "MultiShop.SignalRRealTimeApi", "Services\SignalRRealTime\MultiShop.SignalRRealTimeApi\MultiShop.SignalRRealTimeApi.csproj", "{A482B64A-02F4-4456-B9E7-8CFE70388F04}"
EndProject
Project("{2150E333-8FDC-42A3-9474-1A3956D46DE8}") = "Message", "Message", "{D75EEDE8-58BB-4378-8BA4-E82A4FDF3CE0}"
EndProject
Project("{9A19103F-16F7-4668-BE54-9A1E7A4F7556}") = "MultiShop.Message", "Services\Message\MultiShop.Message\MultiShop.Message.csproj", "{63F177AE-A36C-4A8F-A541-BA95ECE2E2E6}"
EndProject
Project("{2150E333-8FDC-42A3-9474-1A3956D46DE8}") = "RabbitMQMessage", "RabbitMQMessage", "{D35F8467-740B-4FDC-AE2F-3848DF999F10}"
EndProject
Project("{9A19103F-16F7-4668-BE54-9A1E7A4F7556}") = "MultiShop.RapidApiWebUI", "RapidApi\MultiShop.RapidApiWebUI\MultiShop.RapidApiWebUI.csproj", "{B19F247A-8948-4F54-8F57-7040CDA91EB0}"
EndProject
Project("{2150E333-8FDC-42A3-9474-1A3956D46DE8}") = "Cargo", "Cargo", "{95ED39D5-B5E8-43E6-A071-70FBB781722B}"
EndProject
Project("{9A19103F-16F7-4668-BE54-9A1E7A4F7556}") = "MultiShop.Cargo.EntityLayer", "Services\Cargo\MultiShop.Cargo.EntityLayer\MultiShop.Cargo.EntityLayer.csproj", "{E826547D-E699-4D01-B761-4235A236A594}"
EndProject
Project("{9A19103F-16F7-4668-BE54-9A1E7A4F7556}") = "MultiShop.Cargo.DataAccessLayer", "Services\Cargo\MultiShop.Cargo.DataAccessLayer\MultiShop.Cargo.DataAccessLayer.csproj", "{05D96777-CF4B-4B5C-B29D-A726F9D30FA6}"
EndProject
Project("{9A19103F-16F7-4668-BE54-9A1E7A4F7556}") = "MultiShop.Cargo.DtoLayer", "Services\Cargo\MultiShop.Cargo.DtoLayer\MultiShop.Cargo.DtoLayer.csproj", "{A033ED26-24BE-4F83-B5D5-2AF2593FE792}"
EndProject
Project("{9A19103F-16F7-4668-BE54-9A1E7A4F7556}") = "MultiShop.Cargo.BusinessLayer", "Services\Cargo\MultiShop.Cargo.BusinessLayer\MultiShop.Cargo.BusinessLayer.csproj", "{E6BC6429-FB8C-41F5-AC81-FBD3CD70E5AF}"
EndProject
Project("{9A19103F-16F7-4668-BE54-9A1E7A4F7556}") = "MultiShop.Cargo.WebApi", "Services\Cargo\MultiShop.Cargo.WebApi\MultiShop.Cargo.WebApi.csproj", "{4CCF0864-7402-42EF-83DC-9D5818EF9FED}"
EndProject
Project("{9A19103F-16F7-4668-BE54-9A1E7A4F7556}") = "MultiShop.Order.Application", "Services\Order\MultiShop.Order.Application\MultiShop.Order.Application.csproj", "{80FD47E7-2BD2-4BE9-B3EF-BB8EDF621131}"
EndProject
Project("{9A19103F-16F7-4668-BE54-9A1E7A4F7556}") = "MultiShop.Order.Domain", "Services\Order\MultiShop.Order.Domain\MultiShop.Order.Domain.csproj", "{BE0685B1-CD08-4ABF-86ED-93B5E2AE2E3B}"
EndProject
Project("{9A19103F-16F7-4668-BE54-9A1E7A4F7556}") = "MultiShop.Order.Persistence", "Services\Order\MultiShop.Order.Persistence\MultiShop.Order.Persistence.csproj", "{040096B7-C226-49CB-B2E0-E92DE79925E6}"
EndProject
Project("{9A19103F-16F7-4668-BE54-9A1E7A4F7556}") = "MultiShop.Order.WebApi", "Services\Order\MultiShop.Order.WebApi\MultiShop.Order.WebApi.csproj", "{F8FC2647-E553-43C1-9900-22A6B231B93B}"
EndProject
Project("{FAE04EC0-301F-11D3-BF4B-00C04F79EFBC}") = "MultiShop.RabbitMQMessageApi", "Services\RabbitMQMessage\MultiShop.RabbitMQMessageApi\MultiShop.RabbitMQMessageApi.csproj", "{7DB4B326-0732-4841-8CC1-3FEDCB41E104}"
EndProject
Global
	GlobalSection(SolutionConfigurationPlatforms) = preSolution
		Debug|Any CPU = Debug|Any CPU
		Release|Any CPU = Release|Any CPU
	EndGlobalSection
	GlobalSection(ProjectConfigurationPlatforms) = postSolution
		{86E4AF6F-D5FB-4D05-BB40-A84112F5120A}.Debug|Any CPU.ActiveCfg = Debug|Any CPU
		{86E4AF6F-D5FB-4D05-BB40-A84112F5120A}.Debug|Any CPU.Build.0 = Debug|Any CPU
		{86E4AF6F-D5FB-4D05-BB40-A84112F5120A}.Release|Any CPU.ActiveCfg = Release|Any CPU
		{86E4AF6F-D5FB-4D05-BB40-A84112F5120A}.Release|Any CPU.Build.0 = Release|Any CPU
		{71DBEB33-D894-4857-B780-8ECF39955896}.Debug|Any CPU.ActiveCfg = Debug|Any CPU
		{71DBEB33-D894-4857-B780-8ECF39955896}.Debug|Any CPU.Build.0 = Debug|Any CPU
		{71DBEB33-D894-4857-B780-8ECF39955896}.Release|Any CPU.ActiveCfg = Release|Any CPU
		{71DBEB33-D894-4857-B780-8ECF39955896}.Release|Any CPU.Build.0 = Release|Any CPU
		{0AD6BEEE-1974-42FE-AC98-FAA12F83605D}.Debug|Any CPU.ActiveCfg = Debug|Any CPU
		{0AD6BEEE-1974-42FE-AC98-FAA12F83605D}.Debug|Any CPU.Build.0 = Debug|Any CPU
		{0AD6BEEE-1974-42FE-AC98-FAA12F83605D}.Release|Any CPU.ActiveCfg = Release|Any CPU
		{0AD6BEEE-1974-42FE-AC98-FAA12F83605D}.Release|Any CPU.Build.0 = Release|Any CPU
		{39C6F4DE-6B0D-4A50-BA35-D4E49EF7161B}.Debug|Any CPU.ActiveCfg = Debug|Any CPU
		{39C6F4DE-6B0D-4A50-BA35-D4E49EF7161B}.Debug|Any CPU.Build.0 = Debug|Any CPU
		{39C6F4DE-6B0D-4A50-BA35-D4E49EF7161B}.Release|Any CPU.ActiveCfg = Release|Any CPU
		{39C6F4DE-6B0D-4A50-BA35-D4E49EF7161B}.Release|Any CPU.Build.0 = Release|Any CPU
		{1EC1CD98-82CE-4C75-BED3-EF54C243BF94}.Debug|Any CPU.ActiveCfg = Debug|Any CPU
		{1EC1CD98-82CE-4C75-BED3-EF54C243BF94}.Debug|Any CPU.Build.0 = Debug|Any CPU
		{1EC1CD98-82CE-4C75-BED3-EF54C243BF94}.Release|Any CPU.ActiveCfg = Release|Any CPU
		{1EC1CD98-82CE-4C75-BED3-EF54C243BF94}.Release|Any CPU.Build.0 = Release|Any CPU
		{A59E3E4C-051D-4CFA-A31B-F69D55ADCEFF}.Debug|Any CPU.ActiveCfg = Debug|Any CPU
		{A59E3E4C-051D-4CFA-A31B-F69D55ADCEFF}.Debug|Any CPU.Build.0 = Debug|Any CPU
		{A59E3E4C-051D-4CFA-A31B-F69D55ADCEFF}.Release|Any CPU.ActiveCfg = Release|Any CPU
		{A59E3E4C-051D-4CFA-A31B-F69D55ADCEFF}.Release|Any CPU.Build.0 = Release|Any CPU
		{972E7F58-74A2-4979-A2CA-A9CE84718F2D}.Debug|Any CPU.ActiveCfg = Debug|Any CPU
		{972E7F58-74A2-4979-A2CA-A9CE84718F2D}.Debug|Any CPU.Build.0 = Debug|Any CPU
		{972E7F58-74A2-4979-A2CA-A9CE84718F2D}.Release|Any CPU.ActiveCfg = Release|Any CPU
		{972E7F58-74A2-4979-A2CA-A9CE84718F2D}.Release|Any CPU.Build.0 = Release|Any CPU
		{9931A18C-C870-46B5-877C-E81B197990B1}.Debug|Any CPU.ActiveCfg = Debug|Any CPU
		{9931A18C-C870-46B5-877C-E81B197990B1}.Debug|Any CPU.Build.0 = Debug|Any CPU
		{9931A18C-C870-46B5-877C-E81B197990B1}.Release|Any CPU.ActiveCfg = Release|Any CPU
		{9931A18C-C870-46B5-877C-E81B197990B1}.Release|Any CPU.Build.0 = Release|Any CPU
		{5E3DB445-B6EB-4E9D-82F1-D53F005924F6}.Debug|Any CPU.ActiveCfg = Debug|Any CPU
		{5E3DB445-B6EB-4E9D-82F1-D53F005924F6}.Debug|Any CPU.Build.0 = Debug|Any CPU
		{5E3DB445-B6EB-4E9D-82F1-D53F005924F6}.Release|Any CPU.ActiveCfg = Release|Any CPU
		{5E3DB445-B6EB-4E9D-82F1-D53F005924F6}.Release|Any CPU.Build.0 = Release|Any CPU
		{E8FDF3D9-60B5-469B-9C03-B790AE6DBA5A}.Debug|Any CPU.ActiveCfg = Debug|Any CPU
		{E8FDF3D9-60B5-469B-9C03-B790AE6DBA5A}.Debug|Any CPU.Build.0 = Debug|Any CPU
		{E8FDF3D9-60B5-469B-9C03-B790AE6DBA5A}.Release|Any CPU.ActiveCfg = Release|Any CPU
		{E8FDF3D9-60B5-469B-9C03-B790AE6DBA5A}.Release|Any CPU.Build.0 = Release|Any CPU
		{A482B64A-02F4-4456-B9E7-8CFE70388F04}.Debug|Any CPU.ActiveCfg = Debug|Any CPU
		{A482B64A-02F4-4456-B9E7-8CFE70388F04}.Debug|Any CPU.Build.0 = Debug|Any CPU
		{A482B64A-02F4-4456-B9E7-8CFE70388F04}.Release|Any CPU.ActiveCfg = Release|Any CPU
		{A482B64A-02F4-4456-B9E7-8CFE70388F04}.Release|Any CPU.Build.0 = Release|Any CPU
		{63F177AE-A36C-4A8F-A541-BA95ECE2E2E6}.Debug|Any CPU.ActiveCfg = Debug|Any CPU
		{63F177AE-A36C-4A8F-A541-BA95ECE2E2E6}.Debug|Any CPU.Build.0 = Debug|Any CPU
		{63F177AE-A36C-4A8F-A541-BA95ECE2E2E6}.Release|Any CPU.ActiveCfg = Release|Any CPU
		{63F177AE-A36C-4A8F-A541-BA95ECE2E2E6}.Release|Any CPU.Build.0 = Release|Any CPU
		{B19F247A-8948-4F54-8F57-7040CDA91EB0}.Debug|Any CPU.ActiveCfg = Debug|Any CPU
		{B19F247A-8948-4F54-8F57-7040CDA91EB0}.Debug|Any CPU.Build.0 = Debug|Any CPU
		{B19F247A-8948-4F54-8F57-7040CDA91EB0}.Release|Any CPU.ActiveCfg = Release|Any CPU
		{B19F247A-8948-4F54-8F57-7040CDA91EB0}.Release|Any CPU.Build.0 = Release|Any CPU
		{E826547D-E699-4D01-B761-4235A236A594}.Debug|Any CPU.ActiveCfg = Debug|Any CPU
		{E826547D-E699-4D01-B761-4235A236A594}.Debug|Any CPU.Build.0 = Debug|Any CPU
		{E826547D-E699-4D01-B761-4235A236A594}.Release|Any CPU.ActiveCfg = Release|Any CPU
		{E826547D-E699-4D01-B761-4235A236A594}.Release|Any CPU.Build.0 = Release|Any CPU
		{05D96777-CF4B-4B5C-B29D-A726F9D30FA6}.Debug|Any CPU.ActiveCfg = Debug|Any CPU
		{05D96777-CF4B-4B5C-B29D-A726F9D30FA6}.Debug|Any CPU.Build.0 = Debug|Any CPU
		{05D96777-CF4B-4B5C-B29D-A726F9D30FA6}.Release|Any CPU.ActiveCfg = Release|Any CPU
		{05D96777-CF4B-4B5C-B29D-A726F9D30FA6}.Release|Any CPU.Build.0 = Release|Any CPU
		{A033ED26-24BE-4F83-B5D5-2AF2593FE792}.Debug|Any CPU.ActiveCfg = Debug|Any CPU
		{A033ED26-24BE-4F83-B5D5-2AF2593FE792}.Debug|Any CPU.Build.0 = Debug|Any CPU
		{A033ED26-24BE-4F83-B5D5-2AF2593FE792}.Release|Any CPU.ActiveCfg = Release|Any CPU
		{A033ED26-24BE-4F83-B5D5-2AF2593FE792}.Release|Any CPU.Build.0 = Release|Any CPU
		{E6BC6429-FB8C-41F5-AC81-FBD3CD70E5AF}.Debug|Any CPU.ActiveCfg = Debug|Any CPU
		{E6BC6429-FB8C-41F5-AC81-FBD3CD70E5AF}.Debug|Any CPU.Build.0 = Debug|Any CPU
		{E6BC6429-FB8C-41F5-AC81-FBD3CD70E5AF}.Release|Any CPU.ActiveCfg = Release|Any CPU
		{E6BC6429-FB8C-41F5-AC81-FBD3CD70E5AF}.Release|Any CPU.Build.0 = Release|Any CPU
		{4CCF0864-7402-42EF-83DC-9D5818EF9FED}.Debug|Any CPU.ActiveCfg = Debug|Any CPU
		{4CCF0864-7402-42EF-83DC-9D5818EF9FED}.Debug|Any CPU.Build.0 = Debug|Any CPU
		{4CCF0864-7402-42EF-83DC-9D5818EF9FED}.Release|Any CPU.ActiveCfg = Release|Any CPU
		{4CCF0864-7402-42EF-83DC-9D5818EF9FED}.Release|Any CPU.Build.0 = Release|Any CPU
		{80FD47E7-2BD2-4BE9-B3EF-BB8EDF621131}.Debug|Any CPU.ActiveCfg = Debug|Any CPU
		{80FD47E7-2BD2-4BE9-B3EF-BB8EDF621131}.Debug|Any CPU.Build.0 = Debug|Any CPU
		{80FD47E7-2BD2-4BE9-B3EF-BB8EDF621131}.Release|Any CPU.ActiveCfg = Release|Any CPU
		{80FD47E7-2BD2-4BE9-B3EF-BB8EDF621131}.Release|Any CPU.Build.0 = Release|Any CPU
		{BE0685B1-CD08-4ABF-86ED-93B5E2AE2E3B}.Debug|Any CPU.ActiveCfg = Debug|Any CPU
		{BE0685B1-CD08-4ABF-86ED-93B5E2AE2E3B}.Debug|Any CPU.Build.0 = Debug|Any CPU
		{BE0685B1-CD08-4ABF-86ED-93B5E2AE2E3B}.Release|Any CPU.ActiveCfg = Release|Any CPU
		{BE0685B1-CD08-4ABF-86ED-93B5E2AE2E3B}.Release|Any CPU.Build.0 = Release|Any CPU
		{040096B7-C226-49CB-B2E0-E92DE79925E6}.Debug|Any CPU.ActiveCfg = Debug|Any CPU
		{040096B7-C226-49CB-B2E0-E92DE79925E6}.Debug|Any CPU.Build.0 = Debug|Any CPU
		{040096B7-C226-49CB-B2E0-E92DE79925E6}.Release|Any CPU.ActiveCfg = Release|Any CPU
		{040096B7-C226-49CB-B2E0-E92DE79925E6}.Release|Any CPU.Build.0 = Release|Any CPU
		{F8FC2647-E553-43C1-9900-22A6B231B93B}.Debug|Any CPU.ActiveCfg = Debug|Any CPU
		{F8FC2647-E553-43C1-9900-22A6B231B93B}.Debug|Any CPU.Build.0 = Debug|Any CPU
		{F8FC2647-E553-43C1-9900-22A6B231B93B}.Release|Any CPU.ActiveCfg = Release|Any CPU
		{F8FC2647-E553-43C1-9900-22A6B231B93B}.Release|Any CPU.Build.0 = Release|Any CPU
		{7DB4B326-0732-4841-8CC1-3FEDCB41E104}.Debug|Any CPU.ActiveCfg = Debug|Any CPU
		{7DB4B326-0732-4841-8CC1-3FEDCB41E104}.Debug|Any CPU.Build.0 = Debug|Any CPU
		{7DB4B326-0732-4841-8CC1-3FEDCB41E104}.Release|Any CPU.ActiveCfg = Release|Any CPU
		{7DB4B326-0732-4841-8CC1-3FEDCB41E104}.Release|Any CPU.Build.0 = Release|Any CPU
	EndGlobalSection
	GlobalSection(SolutionProperties) = preSolution
		HideSolutionNode = FALSE
	EndGlobalSection
	GlobalSection(NestedProjects) = preSolution
		{61FDF658-635B-452B-BFDE-FE8142725A40} = {732F8192-4A47-4BFD-99A3-4DF1C77EB4D8}
		{86E4AF6F-D5FB-4D05-BB40-A84112F5120A} = {61FDF658-635B-452B-BFDE-FE8142725A40}
		{42F06ED1-C583-48B1-AF21-94A9FE0EB1D0} = {732F8192-4A47-4BFD-99A3-4DF1C77EB4D8}
		{71DBEB33-D894-4857-B780-8ECF39955896} = {42F06ED1-C583-48B1-AF21-94A9FE0EB1D0}
		{8B28C6E0-FA2F-4DD4-9EA9-718ACCF63EFC} = {732F8192-4A47-4BFD-99A3-4DF1C77EB4D8}
		{3FC8A9EB-9302-4442-90A3-0E7F8374D104} = {8B28C6E0-FA2F-4DD4-9EA9-718ACCF63EFC}
		{7C365792-38DD-47C3-8668-3C3675698ECA} = {8B28C6E0-FA2F-4DD4-9EA9-718ACCF63EFC}
		{2CCF8F36-F84B-4721-B48D-FA83A52B04FB} = {8B28C6E0-FA2F-4DD4-9EA9-718ACCF63EFC}
		{0AD6BEEE-1974-42FE-AC98-FAA12F83605D} = {0775A564-D7C5-4221-B8D4-2B977202DE5C}
		{B2FD1496-EACC-4F53-836B-6F789A7357C9} = {732F8192-4A47-4BFD-99A3-4DF1C77EB4D8}
		{39C6F4DE-6B0D-4A50-BA35-D4E49EF7161B} = {B2FD1496-EACC-4F53-836B-6F789A7357C9}
		{1EC1CD98-82CE-4C75-BED3-EF54C243BF94} = {EAFE15C3-F9FB-44F4-84A8-2DF5148D5286}
		{A59E3E4C-051D-4CFA-A31B-F69D55ADCEFF} = {EAFE15C3-F9FB-44F4-84A8-2DF5148D5286}
		{4F9D8729-ACBA-43D7-BAE9-263151CF07E6} = {732F8192-4A47-4BFD-99A3-4DF1C77EB4D8}
		{972E7F58-74A2-4979-A2CA-A9CE84718F2D} = {4F9D8729-ACBA-43D7-BAE9-263151CF07E6}
		{9931A18C-C870-46B5-877C-E81B197990B1} = {8FF15BEB-7DBC-4F39-AA17-1844438FB45D}
		{05EA2A68-AF9D-4D3F-8C5E-63B9BB70E244} = {732F8192-4A47-4BFD-99A3-4DF1C77EB4D8}
		{5E3DB445-B6EB-4E9D-82F1-D53F005924F6} = {05EA2A68-AF9D-4D3F-8C5E-63B9BB70E244}
		{7655AB28-9FD1-4B05-B84E-42DB91D0B603} = {732F8192-4A47-4BFD-99A3-4DF1C77EB4D8}
		{E8FDF3D9-60B5-469B-9C03-B790AE6DBA5A} = {7655AB28-9FD1-4B05-B84E-42DB91D0B603}
		{C0046422-2874-4671-A53C-2DB80F5BEB20} = {732F8192-4A47-4BFD-99A3-4DF1C77EB4D8}
		{A482B64A-02F4-4456-B9E7-8CFE70388F04} = {C0046422-2874-4671-A53C-2DB80F5BEB20}
		{D75EEDE8-58BB-4378-8BA4-E82A4FDF3CE0} = {732F8192-4A47-4BFD-99A3-4DF1C77EB4D8}
		{63F177AE-A36C-4A8F-A541-BA95ECE2E2E6} = {D75EEDE8-58BB-4378-8BA4-E82A4FDF3CE0}
		{D35F8467-740B-4FDC-AE2F-3848DF999F10} = {732F8192-4A47-4BFD-99A3-4DF1C77EB4D8}
		{B19F247A-8948-4F54-8F57-7040CDA91EB0} = {0EA7ACB1-D794-427F-A431-9BB484C2032E}
		{95ED39D5-B5E8-43E6-A071-70FBB781722B} = {732F8192-4A47-4BFD-99A3-4DF1C77EB4D8}
		{E826547D-E699-4D01-B761-4235A236A594} = {95ED39D5-B5E8-43E6-A071-70FBB781722B}
		{05D96777-CF4B-4B5C-B29D-A726F9D30FA6} = {95ED39D5-B5E8-43E6-A071-70FBB781722B}
		{A033ED26-24BE-4F83-B5D5-2AF2593FE792} = {95ED39D5-B5E8-43E6-A071-70FBB781722B}
		{E6BC6429-FB8C-41F5-AC81-FBD3CD70E5AF} = {95ED39D5-B5E8-43E6-A071-70FBB781722B}
		{4CCF0864-7402-42EF-83DC-9D5818EF9FED} = {95ED39D5-B5E8-43E6-A071-70FBB781722B}
		{80FD47E7-2BD2-4BE9-B3EF-BB8EDF621131} = {3FC8A9EB-9302-4442-90A3-0E7F8374D104}
		{BE0685B1-CD08-4ABF-86ED-93B5E2AE2E3B} = {3FC8A9EB-9302-4442-90A3-0E7F8374D104}
		{040096B7-C226-49CB-B2E0-E92DE79925E6} = {7C365792-38DD-47C3-8668-3C3675698ECA}
		{F8FC2647-E553-43C1-9900-22A6B231B93B} = {2CCF8F36-F84B-4721-B48D-FA83A52B04FB}
		{7DB4B326-0732-4841-8CC1-3FEDCB41E104} = {D35F8467-740B-4FDC-AE2F-3848DF999F10}
	EndGlobalSection
	GlobalSection(ExtensibilityGlobals) = postSolution
		SolutionGuid = {B9A36CDD-8D3E-44ED-A2A2-434DAF37B9B6}
	EndGlobalSection
EndGlobal
