
Microsoft Visual Studio Solution File, Format Version 12.00
# Visual Studio Version 17
VisualStudioVersion = 17.5.33424.131
MinimumVisualStudioVersion = 10.0.40219.1
Project("{2150E333-8FDC-42A3-9474-1A3956D46DE8}") = "Services", "Services", "{732F8192-4A47-4BFD-99A3-4DF1C77EB4D8}"
EndProject
Project("{2150E333-8FDC-42A3-9474-1A3956D46DE8}") = "Catalog", "Catalog", "{61FDF658-635B-452B-BFDE-FE8142725A40}"
EndProject
Project("{9A19103F-16F7-4668-BE54-9A1E7A4F7556}") = "MultiShop.Catalog", "Services\Catalog\MultiShop.Catalog\MultiShop.Catalog.csproj", "{86E4AF6F-D5FB-4D05-BB40-A84112F5120A}"
EndProject
Project("{2150E333-8FDC-42A3-9474-1A3956D46DE8}") = "Discount", "Discount", "{42F06ED1-C583-48B1-AF21-94A9FE0EB1D0}"
EndProject
Project("{9A19103F-16F7-4668-BE54-9A1E7A4F7556}") = "MultiShop.Discount", "Services\Discount\MultiShop.Discount\MultiShop.Discount.csproj", "{71DBEB33-D894-4857-B780-8ECF39955896}"
EndProject
Project("{2150E333-8FDC-42A3-9474-1A3956D46DE8}") = "Order", "Order", "{8B28C6E0-FA2F-4DD4-9EA9-718ACCF63EFC}"
EndProject
Project("{2150E333-8FDC-42A3-9474-1A3956D46DE8}") = "Core", "Core", "{3FC8A9EB-9302-4442-90A3-0E7F8374D104}"
EndProject
Project("{2150E333-8FDC-42A3-9474-1A3956D46DE8}") = "Infrastructure", "Infrastructure", "{7C365792-38DD-47C3-8668-3C3675698ECA}"
EndProject
Project("{2150E333-8FDC-42A3-9474-1A3956D46DE8}") = "Presentation", "Presentation", "{2CCF8F36-F84B-4721-B48D-FA83A52B04FB}"
EndProject
Project("{9A19103F-16F7-4668-BE54-9A1E7A4F7556}") = "MultiShop.Order.Domain", "Services\Order\Core\MultiShop.Order.Domain\MultiShop.Order.Domain.csproj", "{C1D5AFED-A424-401F-95A5-49A64E198DE0}"
EndProject
Project("{9A19103F-16F7-4668-BE54-9A1E7A4F7556}") = "MultiShop.Order.Application", "Services\Order\Core\MultiShop.Order.Application\MultiShop.Order.Application.csproj", "{B641F4B5-6556-40D1-8D50-16A79CE1AFFB}"
EndProject
Project("{9A19103F-16F7-4668-BE54-9A1E7A4F7556}") = "MultiShop.Order.Persistence", "Services\Order\Infrastructure\MultiShop.Order.Persistence\MultiShop.Order.Persistence.csproj", "{D26F2237-9B2C-4B10-B0ED-476936A5714C}"
EndProject
Project("{9A19103F-16F7-4668-BE54-9A1E7A4F7556}") = "MultiShop.Order.WebApi", "Services\Order\Presentation\MultiShop.Order.WebApi\MultiShop.Order.WebApi.csproj", "{0E14975C-CA87-4FFE-AC90-6A0BCDC08394}"
EndProject
Project("{2150E333-8FDC-42A3-9474-1A3956D46DE8}") = "IdentityServer", "IdentityServer", "{0775A564-D7C5-4221-B8D4-2B977202DE5C}"
EndProject
Project("{9A19103F-16F7-4668-BE54-9A1E7A4F7556}") = "MutliShop.IdentityServer", "IdentityServer\MutliShop.IdentityServer\MutliShop.IdentityServer.csproj", "{0AD6BEEE-1974-42FE-AC98-FAA12F83605D}"
EndProject
Project("{2150E333-8FDC-42A3-9474-1A3956D46DE8}") = "Requiements", "Requiements", "{E7ED2E49-C2E5-46D9-B79D-232A8BEB9212}"
	ProjectSection(SolutionItems) = preProject
		Eksikler.txt = Eksikler.txt
		KullanıcıÖrnekleri.txt = KullanıcıÖrnekleri.txt
		PostNumbers.txt = PostNumbers.txt
	EndProjectSection
EndProject
Project("{2150E333-8FDC-42A3-9474-1A3956D46DE8}") = "Cargo", "Cargo", "{9ECBB6C5-02D6-4E5B-874B-DFF566B1A6A8}"
EndProject
Project("{9A19103F-16F7-4668-BE54-9A1E7A4F7556}") = "MultiShop.Cargo.Business", "Services\Cargo\MultiShop.Cargo.Business\MultiShop.Cargo.Business.csproj", "{BD55D0B7-2274-4E61-B3FE-9BF0638FF489}"
EndProject
Project("{9A19103F-16F7-4668-BE54-9A1E7A4F7556}") = "MultiShop.Cargo.EntityLayer", "Services\Cargo\MultiShop.Cargo.EntityLayer\MultiShop.Cargo.EntityLayer.csproj", "{EEF626F3-E0BD-40F3-A24D-FE7BC9874A86}"
EndProject
Project("{9A19103F-16F7-4668-BE54-9A1E7A4F7556}") = "Multishop.Cargo.DataAccessLayer", "Services\Cargo\Multishop.Cargo.DataAccessLayer\Multishop.Cargo.DataAccessLayer.csproj", "{767D0DB6-1C1A-4F4F-BB86-DAC213725F94}"
EndProject
Project("{9A19103F-16F7-4668-BE54-9A1E7A4F7556}") = "MultiShop.Cargo.DtoLayer", "Services\Cargo\MultiShop.Cargo.DtoLayer\MultiShop.Cargo.DtoLayer.csproj", "{D0B27477-6AAD-45B3-8943-0F691B481407}"
EndProject
Project("{9A19103F-16F7-4668-BE54-9A1E7A4F7556}") = "MultiShop.Cargo.WebApi", "Services\Cargo\MultiShop.Cargo.WebApi\MultiShop.Cargo.WebApi.csproj", "{B4A93054-EB55-4051-8508-5909B5D2A2B8}"
EndProject
Project("{2150E333-8FDC-42A3-9474-1A3956D46DE8}") = "Basket", "Basket", "{B2FD1496-EACC-4F53-836B-6F789A7357C9}"
EndProject
Project("{9A19103F-16F7-4668-BE54-9A1E7A4F7556}") = "MultiShop.Basket", "Services\Basket\MultiShop.Basket\MultiShop.Basket.csproj", "{39C6F4DE-6B0D-4A50-BA35-D4E49EF7161B}"
EndProject
Project("{2150E333-8FDC-42A3-9474-1A3956D46DE8}") = "Frontends", "Frontends", "{EAFE15C3-F9FB-44F4-84A8-2DF5148D5286}"
EndProject
Project("{9A19103F-16F7-4668-BE54-9A1E7A4F7556}") = "MultiShop.WebUI", "Frontends\MultiShop.WebUI\MultiShop.WebUI.csproj", "{1EC1CD98-82CE-4C75-BED3-EF54C243BF94}"
EndProject
Project("{9A19103F-16F7-4668-BE54-9A1E7A4F7556}") = "MultiShop.DtoLayer", "Frontends\MultiShop.DtoLayer\MultiShop.DtoLayer.csproj", "{A59E3E4C-051D-4CFA-A31B-F69D55ADCEFF}"
EndProject
Project("{2150E333-8FDC-42A3-9474-1A3956D46DE8}") = "Comment", "Comment", "{4F9D8729-ACBA-43D7-BAE9-263151CF07E6}"
EndProject
Project("{9A19103F-16F7-4668-BE54-9A1E7A4F7556}") = "MultiShop.Comment", "Services\Comment\MultiShop.Comment\MultiShop.Comment.csproj", "{972E7F58-74A2-4979-A2CA-A9CE84718F2D}"
EndProject
Project("{2150E333-8FDC-42A3-9474-1A3956D46DE8}") = "ApiGateway", "ApiGateway", "{8FF15BEB-7DBC-4F39-AA17-1844438FB45D}"
EndProject
Project("{2150E333-8FDC-42A3-9474-1A3956D46DE8}") = "RapidApi", "RapidApi", "{0EA7ACB1-D794-427F-A431-9BB484C2032E}"
EndProject
Project("{9A19103F-16F7-4668-BE54-9A1E7A4F7556}") = "MultiShop.OcelotGateway", "ApiGateway\MultiShop.OcelotGateway\MultiShop.OcelotGateway.csproj", "{9931A18C-C870-46B5-877C-E81B197990B1}"
EndProject
Project("{2150E333-8FDC-42A3-9474-1A3956D46DE8}") = "Payment", "Payment", "{05EA2A68-AF9D-4D3F-8C5E-63B9BB70E244}"
EndProject
Project("{FAE04EC0-301F-11D3-BF4B-00C04F79EFBC}") = "MultiShop.Payment", "Services\Payment\MultiShop.Payment\MultiShop.Payment.csproj", "{5E3DB445-B6EB-4E9D-82F1-D53F005924F6}"
EndProject
Project("{2150E333-8FDC-42A3-9474-1A3956D46DE8}") = "Images", "Images", "{7655AB28-9FD1-4B05-B84E-42DB91D0B603}"
EndProject
Project("{FAE04EC0-301F-11D3-BF4B-00C04F79EFBC}") = "MultiShop.Images", "Services\Images\MultiShop.Images\MultiShop.Images.csproj", "{E8FDF3D9-60B5-469B-9C03-B790AE6DBA5A}"
EndProject
Global
	GlobalSection(SolutionConfigurationPlatforms) = preSolution
		Debug|Any CPU = Debug|Any CPU
		Release|Any CPU = Release|Any CPU
	EndGlobalSection
	GlobalSection(ProjectConfigurationPlatforms) = postSolution
		{86E4AF6F-D5FB-4D05-BB40-A84112F5120A}.Debug|Any CPU.ActiveCfg = Debug|Any CPU
		{86E4AF6F-D5FB-4D05-BB40-A84112F5120A}.Debug|Any CPU.Build.0 = Debug|Any CPU
		{86E4AF6F-D5FB-4D05-BB40-A84112F5120A}.Release|Any CPU.ActiveCfg = Release|Any CPU
		{86E4AF6F-D5FB-4D05-BB40-A84112F5120A}.Release|Any CPU.Build.0 = Release|Any CPU
		{71DBEB33-D894-4857-B780-8ECF39955896}.Debug|Any CPU.ActiveCfg = Debug|Any CPU
		{71DBEB33-D894-4857-B780-8ECF39955896}.Debug|Any CPU.Build.0 = Debug|Any CPU
		{71DBEB33-D894-4857-B780-8ECF39955896}.Release|Any CPU.ActiveCfg = Release|Any CPU
		{71DBEB33-D894-4857-B780-8ECF39955896}.Release|Any CPU.Build.0 = Release|Any CPU
		{C1D5AFED-A424-401F-95A5-49A64E198DE0}.Debug|Any CPU.ActiveCfg = Debug|Any CPU
		{C1D5AFED-A424-401F-95A5-49A64E198DE0}.Debug|Any CPU.Build.0 = Debug|Any CPU
		{C1D5AFED-A424-401F-95A5-49A64E198DE0}.Release|Any CPU.ActiveCfg = Release|Any CPU
		{C1D5AFED-A424-401F-95A5-49A64E198DE0}.Release|Any CPU.Build.0 = Release|Any CPU
		{B641F4B5-6556-40D1-8D50-16A79CE1AFFB}.Debug|Any CPU.ActiveCfg = Debug|Any CPU
		{B641F4B5-6556-40D1-8D50-16A79CE1AFFB}.Debug|Any CPU.Build.0 = Debug|Any CPU
		{B641F4B5-6556-40D1-8D50-16A79CE1AFFB}.Release|Any CPU.ActiveCfg = Release|Any CPU
		{B641F4B5-6556-40D1-8D50-16A79CE1AFFB}.Release|Any CPU.Build.0 = Release|Any CPU
		{D26F2237-9B2C-4B10-B0ED-476936A5714C}.Debug|Any CPU.ActiveCfg = Debug|Any CPU
		{D26F2237-9B2C-4B10-B0ED-476936A5714C}.Debug|Any CPU.Build.0 = Debug|Any CPU
		{D26F2237-9B2C-4B10-B0ED-476936A5714C}.Release|Any CPU.ActiveCfg = Release|Any CPU
		{D26F2237-9B2C-4B10-B0ED-476936A5714C}.Release|Any CPU.Build.0 = Release|Any CPU
		{0E14975C-CA87-4FFE-AC90-6A0BCDC08394}.Debug|Any CPU.ActiveCfg = Debug|Any CPU
		{0E14975C-CA87-4FFE-AC90-6A0BCDC08394}.Debug|Any CPU.Build.0 = Debug|Any CPU
		{0E14975C-CA87-4FFE-AC90-6A0BCDC08394}.Release|Any CPU.ActiveCfg = Release|Any CPU
		{0E14975C-CA87-4FFE-AC90-6A0BCDC08394}.Release|Any CPU.Build.0 = Release|Any CPU
		{0AD6BEEE-1974-42FE-AC98-FAA12F83605D}.Debug|Any CPU.ActiveCfg = Debug|Any CPU
		{0AD6BEEE-1974-42FE-AC98-FAA12F83605D}.Debug|Any CPU.Build.0 = Debug|Any CPU
		{0AD6BEEE-1974-42FE-AC98-FAA12F83605D}.Release|Any CPU.ActiveCfg = Release|Any CPU
		{0AD6BEEE-1974-42FE-AC98-FAA12F83605D}.Release|Any CPU.Build.0 = Release|Any CPU
		{BD55D0B7-2274-4E61-B3FE-9BF0638FF489}.Debug|Any CPU.ActiveCfg = Debug|Any CPU
		{BD55D0B7-2274-4E61-B3FE-9BF0638FF489}.Debug|Any CPU.Build.0 = Debug|Any CPU
		{BD55D0B7-2274-4E61-B3FE-9BF0638FF489}.Release|Any CPU.ActiveCfg = Release|Any CPU
		{BD55D0B7-2274-4E61-B3FE-9BF0638FF489}.Release|Any CPU.Build.0 = Release|Any CPU
		{EEF626F3-E0BD-40F3-A24D-FE7BC9874A86}.Debug|Any CPU.ActiveCfg = Debug|Any CPU
		{EEF626F3-E0BD-40F3-A24D-FE7BC9874A86}.Debug|Any CPU.Build.0 = Debug|Any CPU
		{EEF626F3-E0BD-40F3-A24D-FE7BC9874A86}.Release|Any CPU.ActiveCfg = Release|Any CPU
		{EEF626F3-E0BD-40F3-A24D-FE7BC9874A86}.Release|Any CPU.Build.0 = Release|Any CPU
		{767D0DB6-1C1A-4F4F-BB86-DAC213725F94}.Debug|Any CPU.ActiveCfg = Debug|Any CPU
		{767D0DB6-1C1A-4F4F-BB86-DAC213725F94}.Debug|Any CPU.Build.0 = Debug|Any CPU
		{767D0DB6-1C1A-4F4F-BB86-DAC213725F94}.Release|Any CPU.ActiveCfg = Release|Any CPU
		{767D0DB6-1C1A-4F4F-BB86-DAC213725F94}.Release|Any CPU.Build.0 = Release|Any CPU
		{D0B27477-6AAD-45B3-8943-0F691B481407}.Debug|Any CPU.ActiveCfg = Debug|Any CPU
		{D0B27477-6AAD-45B3-8943-0F691B481407}.Debug|Any CPU.Build.0 = Debug|Any CPU
		{D0B27477-6AAD-45B3-8943-0F691B481407}.Release|Any CPU.ActiveCfg = Release|Any CPU
		{D0B27477-6AAD-45B3-8943-0F691B481407}.Release|Any CPU.Build.0 = Release|Any CPU
		{B4A93054-EB55-4051-8508-5909B5D2A2B8}.Debug|Any CPU.ActiveCfg = Debug|Any CPU
		{B4A93054-EB55-4051-8508-5909B5D2A2B8}.Debug|Any CPU.Build.0 = Debug|Any CPU
		{B4A93054-EB55-4051-8508-5909B5D2A2B8}.Release|Any CPU.ActiveCfg = Release|Any CPU
		{B4A93054-EB55-4051-8508-5909B5D2A2B8}.Release|Any CPU.Build.0 = Release|Any CPU
		{39C6F4DE-6B0D-4A50-BA35-D4E49EF7161B}.Debug|Any CPU.ActiveCfg = Debug|Any CPU
		{39C6F4DE-6B0D-4A50-BA35-D4E49EF7161B}.Debug|Any CPU.Build.0 = Debug|Any CPU
		{39C6F4DE-6B0D-4A50-BA35-D4E49EF7161B}.Release|Any CPU.ActiveCfg = Release|Any CPU
		{39C6F4DE-6B0D-4A50-BA35-D4E49EF7161B}.Release|Any CPU.Build.0 = Release|Any CPU
		{1EC1CD98-82CE-4C75-BED3-EF54C243BF94}.Debug|Any CPU.ActiveCfg = Debug|Any CPU
		{1EC1CD98-82CE-4C75-BED3-EF54C243BF94}.Debug|Any CPU.Build.0 = Debug|Any CPU
		{1EC1CD98-82CE-4C75-BED3-EF54C243BF94}.Release|Any CPU.ActiveCfg = Release|Any CPU
		{1EC1CD98-82CE-4C75-BED3-EF54C243BF94}.Release|Any CPU.Build.0 = Release|Any CPU
		{A59E3E4C-051D-4CFA-A31B-F69D55ADCEFF}.Debug|Any CPU.ActiveCfg = Debug|Any CPU
		{A59E3E4C-051D-4CFA-A31B-F69D55ADCEFF}.Debug|Any CPU.Build.0 = Debug|Any CPU
		{A59E3E4C-051D-4CFA-A31B-F69D55ADCEFF}.Release|Any CPU.ActiveCfg = Release|Any CPU
		{A59E3E4C-051D-4CFA-A31B-F69D55ADCEFF}.Release|Any CPU.Build.0 = Release|Any CPU
		{972E7F58-74A2-4979-A2CA-A9CE84718F2D}.Debug|Any CPU.ActiveCfg = Debug|Any CPU
		{972E7F58-74A2-4979-A2CA-A9CE84718F2D}.Debug|Any CPU.Build.0 = Debug|Any CPU
		{972E7F58-74A2-4979-A2CA-A9CE84718F2D}.Release|Any CPU.ActiveCfg = Release|Any CPU
		{972E7F58-74A2-4979-A2CA-A9CE84718F2D}.Release|Any CPU.Build.0 = Release|Any CPU
		{9931A18C-C870-46B5-877C-E81B197990B1}.Debug|Any CPU.ActiveCfg = Debug|Any CPU
		{9931A18C-C870-46B5-877C-E81B197990B1}.Debug|Any CPU.Build.0 = Debug|Any CPU
		{9931A18C-C870-46B5-877C-E81B197990B1}.Release|Any CPU.ActiveCfg = Release|Any CPU
		{9931A18C-C870-46B5-877C-E81B197990B1}.Release|Any CPU.Build.0 = Release|Any CPU
		{5E3DB445-B6EB-4E9D-82F1-D53F005924F6}.Debug|Any CPU.ActiveCfg = Debug|Any CPU
		{5E3DB445-B6EB-4E9D-82F1-D53F005924F6}.Debug|Any CPU.Build.0 = Debug|Any CPU
		{5E3DB445-B6EB-4E9D-82F1-D53F005924F6}.Release|Any CPU.ActiveCfg = Release|Any CPU
		{5E3DB445-B6EB-4E9D-82F1-D53F005924F6}.Release|Any CPU.Build.0 = Release|Any CPU
		{E8FDF3D9-60B5-469B-9C03-B790AE6DBA5A}.Debug|Any CPU.ActiveCfg = Debug|Any CPU
		{E8FDF3D9-60B5-469B-9C03-B790AE6DBA5A}.Debug|Any CPU.Build.0 = Debug|Any CPU
		{E8FDF3D9-60B5-469B-9C03-B790AE6DBA5A}.Release|Any CPU.ActiveCfg = Release|Any CPU
		{E8FDF3D9-60B5-469B-9C03-B790AE6DBA5A}.Release|Any CPU.Build.0 = Release|Any CPU
	EndGlobalSection
	GlobalSection(SolutionProperties) = preSolution
		HideSolutionNode = FALSE
	EndGlobalSection
	GlobalSection(NestedProjects) = preSolution
		{61FDF658-635B-452B-BFDE-FE8142725A40} = {732F8192-4A47-4BFD-99A3-4DF1C77EB4D8}
		{86E4AF6F-D5FB-4D05-BB40-A84112F5120A} = {61FDF658-635B-452B-BFDE-FE8142725A40}
		{42F06ED1-C583-48B1-AF21-94A9FE0EB1D0} = {732F8192-4A47-4BFD-99A3-4DF1C77EB4D8}
		{71DBEB33-D894-4857-B780-8ECF39955896} = {42F06ED1-C583-48B1-AF21-94A9FE0EB1D0}
		{8B28C6E0-FA2F-4DD4-9EA9-718ACCF63EFC} = {732F8192-4A47-4BFD-99A3-4DF1C77EB4D8}
		{3FC8A9EB-9302-4442-90A3-0E7F8374D104} = {8B28C6E0-FA2F-4DD4-9EA9-718ACCF63EFC}
		{7C365792-38DD-47C3-8668-3C3675698ECA} = {8B28C6E0-FA2F-4DD4-9EA9-718ACCF63EFC}
		{2CCF8F36-F84B-4721-B48D-FA83A52B04FB} = {8B28C6E0-FA2F-4DD4-9EA9-718ACCF63EFC}
		{C1D5AFED-A424-401F-95A5-49A64E198DE0} = {3FC8A9EB-9302-4442-90A3-0E7F8374D104}
		{B641F4B5-6556-40D1-8D50-16A79CE1AFFB} = {3FC8A9EB-9302-4442-90A3-0E7F8374D104}
		{D26F2237-9B2C-4B10-B0ED-476936A5714C} = {7C365792-38DD-47C3-8668-3C3675698ECA}
		{0E14975C-CA87-4FFE-AC90-6A0BCDC08394} = {2CCF8F36-F84B-4721-B48D-FA83A52B04FB}
		{0AD6BEEE-1974-42FE-AC98-FAA12F83605D} = {0775A564-D7C5-4221-B8D4-2B977202DE5C}
		{9ECBB6C5-02D6-4E5B-874B-DFF566B1A6A8} = {732F8192-4A47-4BFD-99A3-4DF1C77EB4D8}
		{BD55D0B7-2274-4E61-B3FE-9BF0638FF489} = {9ECBB6C5-02D6-4E5B-874B-DFF566B1A6A8}
		{EEF626F3-E0BD-40F3-A24D-FE7BC9874A86} = {9ECBB6C5-02D6-4E5B-874B-DFF566B1A6A8}
		{767D0DB6-1C1A-4F4F-BB86-DAC213725F94} = {9ECBB6C5-02D6-4E5B-874B-DFF566B1A6A8}
		{D0B27477-6AAD-45B3-8943-0F691B481407} = {9ECBB6C5-02D6-4E5B-874B-DFF566B1A6A8}
		{B4A93054-EB55-4051-8508-5909B5D2A2B8} = {9ECBB6C5-02D6-4E5B-874B-DFF566B1A6A8}
		{B2FD1496-EACC-4F53-836B-6F789A7357C9} = {732F8192-4A47-4BFD-99A3-4DF1C77EB4D8}
		{39C6F4DE-6B0D-4A50-BA35-D4E49EF7161B} = {B2FD1496-EACC-4F53-836B-6F789A7357C9}
		{1EC1CD98-82CE-4C75-BED3-EF54C243BF94} = {EAFE15C3-F9FB-44F4-84A8-2DF5148D5286}
		{A59E3E4C-051D-4CFA-A31B-F69D55ADCEFF} = {EAFE15C3-F9FB-44F4-84A8-2DF5148D5286}
		{4F9D8729-ACBA-43D7-BAE9-263151CF07E6} = {732F8192-4A47-4BFD-99A3-4DF1C77EB4D8}
		{972E7F58-74A2-4979-A2CA-A9CE84718F2D} = {4F9D8729-ACBA-43D7-BAE9-263151CF07E6}
		{9931A18C-C870-46B5-877C-E81B197990B1} = {8FF15BEB-7DBC-4F39-AA17-1844438FB45D}
		{05EA2A68-AF9D-4D3F-8C5E-63B9BB70E244} = {732F8192-4A47-4BFD-99A3-4DF1C77EB4D8}
		{5E3DB445-B6EB-4E9D-82F1-D53F005924F6} = {05EA2A68-AF9D-4D3F-8C5E-63B9BB70E244}
		{7655AB28-9FD1-4B05-B84E-42DB91D0B603} = {732F8192-4A47-4BFD-99A3-4DF1C77EB4D8}
		{E8FDF3D9-60B5-469B-9C03-B790AE6DBA5A} = {7655AB28-9FD1-4B05-B84E-42DB91D0B603}
	EndGlobalSection
	GlobalSection(ExtensibilityGlobals) = postSolution
		SolutionGuid = {B9A36CDD-8D3E-44ED-A2A2-434DAF37B9B6}
	EndGlobalSection
EndGlobal
